
Microsoft Visual Studio Solution File, Format Version 12.00
# Visual Studio Version 17
VisualStudioVersion = 17.13.35919.96
MinimumVisualStudioVersion = 10.0.40219.1
Project("{9A19103F-16F7-4668-BE54-9A1E7A4F7556}") = "Tranglo1.CustomerIdentity.Domain", "Tranglo1.CustomerIdentity.Domain\Tranglo1.CustomerIdentity.Domain.csproj", "{3DB0E5BA-8E74-4889-A215-E206F0BAB681}"
EndProject
Project("{9A19103F-16F7-4668-BE54-9A1E7A4F7556}") = "Tranglo1.CustomerIdentity.IdentityServer", "Tranglo1.CustomerIdentity.IdentityServer\Tranglo1.CustomerIdentity.IdentityServer.csproj", "{6DE52203-FF1F-4D09-8491-A7AE2AAD7AA2}"
EndProject
Project("{9A19103F-16F7-4668-BE54-9A1E7A4F7556}") = "Tranglo1.CustomerIdentity.Infrastructure", "Tranglo1.CustomerIdentity.Infrastructure\Tranglo1.CustomerIdentity.Infrastructure.csproj", "{A00CF5C9-906B-46B7-89C6-D8B846695184}"
EndProject
Project("{2150E333-8FDC-42A3-9474-1A3956D46DE8}") = "background-tasks", "background-tasks", "{3E50C49E-3C78-4A0D-997F-E6A022E0ECB8}"
EndProject
Project("{2150E333-8FDC-42A3-9474-1A3956D46DE8}") = "ActiveDirectoryManager", "ActiveDirectoryManager", "{3295DC1C-7BA2-436A-869A-6C04DA864CB6}"
EndProject
Project("{9A19103F-16F7-4668-BE54-9A1E7A4F7556}") = "ActiveDirectoryManager", "BackgroundTasks\ActiveDirectoryManager\ActiveDirectoryManager.csproj", "{FE880FBF-5B78-491E-BF61-DF55329DF9BE}"
EndProject
Project("{9A19103F-16F7-4668-BE54-9A1E7A4F7556}") = "ActiveDirectoryManager.Test", "BackgroundTasks\ActiveDirectoryManager.Test\ActiveDirectoryManager.Test.csproj", "{ACF4F253-7585-4973-A65B-17692EBC0D3E}"
EndProject
Global
	GlobalSection(SolutionConfigurationPlatforms) = preSolution
		Debug|Any CPU = Debug|Any CPU
		Release|Any CPU = Release|Any CPU
	EndGlobalSection
	GlobalSection(ProjectConfigurationPlatforms) = postSolution
		{3DB0E5BA-8E74-4889-A215-E206F0BAB681}.Debug|Any CPU.ActiveCfg = Debug|Any CPU
		{3DB0E5BA-8E74-4889-A215-E206F0BAB681}.Debug|Any CPU.Build.0 = Debug|Any CPU
		{3DB0E5BA-8E74-4889-A215-E206F0BAB681}.Release|Any CPU.ActiveCfg = Release|Any CPU
		{3DB0E5BA-8E74-4889-A215-E206F0BAB681}.Release|Any CPU.Build.0 = Release|Any CPU
		{6DE52203-FF1F-4D09-8491-A7AE2AAD7AA2}.Debug|Any CPU.ActiveCfg = Debug|Any CPU
		{6DE52203-FF1F-4D09-8491-A7AE2AAD7AA2}.Debug|Any CPU.Build.0 = Debug|Any CPU
		{6DE52203-FF1F-4D09-8491-A7AE2AAD7AA2}.Release|Any CPU.ActiveCfg = Release|Any CPU
		{6DE52203-FF1F-4D09-8491-A7AE2AAD7AA2}.Release|Any CPU.Build.0 = Release|Any CPU
		{A00CF5C9-906B-46B7-89C6-D8B846695184}.Debug|Any CPU.ActiveCfg = Debug|Any CPU
		{A00CF5C9-906B-46B7-89C6-D8B846695184}.Debug|Any CPU.Build.0 = Debug|Any CPU
		{A00CF5C9-906B-46B7-89C6-D8B846695184}.Release|Any CPU.ActiveCfg = Release|Any CPU
		{A00CF5C9-906B-46B7-89C6-D8B846695184}.Release|Any CPU.Build.0 = Release|Any CPU
		{FE880FBF-5B78-491E-BF61-DF55329DF9BE}.Debug|Any CPU.ActiveCfg = Debug|Any CPU
		{FE880FBF-5B78-491E-BF61-DF55329DF9BE}.Debug|Any CPU.Build.0 = Debug|Any CPU
		{FE880FBF-5B78-491E-BF61-DF55329DF9BE}.Release|Any CPU.ActiveCfg = Release|Any CPU
		{FE880FBF-5B78-491E-BF61-DF55329DF9BE}.Release|Any CPU.Build.0 = Release|Any CPU
		{ACF4F253-7585-4973-A65B-17692EBC0D3E}.Debug|Any CPU.ActiveCfg = Debug|Any CPU
		{ACF4F253-7585-4973-A65B-17692EBC0D3E}.Debug|Any CPU.Build.0 = Debug|Any CPU
		{ACF4F253-7585-4973-A65B-17692EBC0D3E}.Release|Any CPU.ActiveCfg = Release|Any CPU
		{ACF4F253-7585-4973-A65B-17692EBC0D3E}.Release|Any CPU.Build.0 = Release|Any CPU
	EndGlobalSection
	GlobalSection(SolutionProperties) = preSolution
		HideSolutionNode = FALSE
	EndGlobalSection
	GlobalSection(NestedProjects) = preSolution
		{3295DC1C-7BA2-436A-869A-6C04DA864CB6} = {3E50C49E-3C78-4A0D-997F-E6A022E0ECB8}
		{FE880FBF-5B78-491E-BF61-DF55329DF9BE} = {3295DC1C-7BA2-436A-869A-6C04DA864CB6}
		{ACF4F253-7585-4973-A65B-17692EBC0D3E} = {3295DC1C-7BA2-436A-869A-6C04DA864CB6}
	EndGlobalSection
	GlobalSection(ExtensibilityGlobals) = postSolution
		SolutionGuid = {60952009-F6F4-4515-B060-B7EF9086F110}
	EndGlobalSection
EndGlobal
